// !$*UTF8*$!
{
	archiveVersion = 1;
	classes = {
	};
	objectVersion = 56;
	objects = {

/* Begin PBXBuildFile section */
		F40DD3EE2B2046D600E2948C /* NewHabitViewController.swift in Sources */ = {isa = PBXBuildFile; fileRef = F40DD3ED2B2046D600E2948C /* NewHabitViewController.swift */; };
		F40DD3F02B20557C00E2948C /* ColorCell.swift in Sources */ = {isa = PBXBuildFile; fileRef = F40DD3EF2B20557C00E2948C /* ColorCell.swift */; };
		F40DD3F22B2064C700E2948C /* EmojiCell.swift in Sources */ = {isa = PBXBuildFile; fileRef = F40DD3F12B2064C700E2948C /* EmojiCell.swift */; };
		F436917B2B1EFCE6001F363D /* TrackerTypeViewController.swift in Sources */ = {isa = PBXBuildFile; fileRef = F436917A2B1EFCE6001F363D /* TrackerTypeViewController.swift */; };
		F44505882B246D5800B10D86 /* TrackersHeader.swift in Sources */ = {isa = PBXBuildFile; fileRef = F44505872B246D5800B10D86 /* TrackersHeader.swift */; };
		F44D61272B14B8E200F56208 /* AppDelegate.swift in Sources */ = {isa = PBXBuildFile; fileRef = F44D61262B14B8E200F56208 /* AppDelegate.swift */; };
		F44D61292B14B8E200F56208 /* SceneDelegate.swift in Sources */ = {isa = PBXBuildFile; fileRef = F44D61282B14B8E200F56208 /* SceneDelegate.swift */; };
		F44D612B2B14B8E200F56208 /* TabBarViewController.swift in Sources */ = {isa = PBXBuildFile; fileRef = F44D612A2B14B8E200F56208 /* TabBarViewController.swift */; };
		F44D61302B14B8E400F56208 /* Assets.xcassets in Resources */ = {isa = PBXBuildFile; fileRef = F44D612F2B14B8E400F56208 /* Assets.xcassets */; };
		F44D61332B14B8E400F56208 /* LaunchScreen.storyboard in Resources */ = {isa = PBXBuildFile; fileRef = F44D61312B14B8E400F56208 /* LaunchScreen.storyboard */; };
		F457E9F42B21A9F4003384BE /* ColorHeader.swift in Sources */ = {isa = PBXBuildFile; fileRef = F457E9F32B21A9F4003384BE /* ColorHeader.swift */; };
		F457E9FD2B21DE80003384BE /* NewIrregularAction.swift in Sources */ = {isa = PBXBuildFile; fileRef = F457E9FC2B21DE80003384BE /* NewIrregularAction.swift */; };
		F457E9FF2B21E53F003384BE /* TableViewCell.swift in Sources */ = {isa = PBXBuildFile; fileRef = F457E9FE2B21E53F003384BE /* TableViewCell.swift */; };
		F457EA012B2216A1003384BE /* ScheduleViewController.swift in Sources */ = {isa = PBXBuildFile; fileRef = F457EA002B2216A1003384BE /* ScheduleViewController.swift */; };
		F457EA032B221B9B003384BE /* ScheduleTableViewCell.swift in Sources */ = {isa = PBXBuildFile; fileRef = F457EA022B221B9B003384BE /* ScheduleTableViewCell.swift */; };
		F4B727292B1DD5C8005A8EC4 /* Tracker.swift in Sources */ = {isa = PBXBuildFile; fileRef = F4B727282B1DD5C8005A8EC4 /* Tracker.swift */; };
		F4B7272C2B1DD5DF005A8EC4 /* TrackerCategory.swift in Sources */ = {isa = PBXBuildFile; fileRef = F4B7272B2B1DD5DF005A8EC4 /* TrackerCategory.swift */; };
		F4B7272E2B1DD5EB005A8EC4 /* TrackerRecord.swift in Sources */ = {isa = PBXBuildFile; fileRef = F4B7272D2B1DD5EB005A8EC4 /* TrackerRecord.swift */; };
		F4C16F8C2B226E370023DAD7 /* EmojiHeader.swift in Sources */ = {isa = PBXBuildFile; fileRef = F4C16F8B2B226E370023DAD7 /* EmojiHeader.swift */; };
		F4DE1FAB2B1E2A9500AB0616 /* TrackersCell.swift in Sources */ = {isa = PBXBuildFile; fileRef = F4DE1FAA2B1E2A9500AB0616 /* TrackersCell.swift */; };
		F4FE66782B15C20A009212E2 /* UIColor + Extension.swift in Sources */ = {isa = PBXBuildFile; fileRef = F4FE66772B15C20A009212E2 /* UIColor + Extension.swift */; };
		F4FE667B2B15C59A009212E2 /* StatisticsViewController.swift in Sources */ = {isa = PBXBuildFile; fileRef = F4FE667A2B15C59A009212E2 /* StatisticsViewController.swift */; };
		F4FE667D2B15C5A6009212E2 /* TrackersViewController.swift in Sources */ = {isa = PBXBuildFile; fileRef = F4FE667C2B15C5A6009212E2 /* TrackersViewController.swift */; };
/* End PBXBuildFile section */

/* Begin PBXFileReference section */
		F40DD3ED2B2046D600E2948C /* NewHabitViewController.swift */ = {isa = PBXFileReference; lastKnownFileType = sourcecode.swift; path = NewHabitViewController.swift; sourceTree = "<group>"; };
		F40DD3EF2B20557C00E2948C /* ColorCell.swift */ = {isa = PBXFileReference; lastKnownFileType = sourcecode.swift; path = ColorCell.swift; sourceTree = "<group>"; };
		F40DD3F12B2064C700E2948C /* EmojiCell.swift */ = {isa = PBXFileReference; lastKnownFileType = sourcecode.swift; path = EmojiCell.swift; sourceTree = "<group>"; };
		F436917A2B1EFCE6001F363D /* TrackerTypeViewController.swift */ = {isa = PBXFileReference; lastKnownFileType = sourcecode.swift; path = TrackerTypeViewController.swift; sourceTree = "<group>"; };
		F44505872B246D5800B10D86 /* TrackersHeader.swift */ = {isa = PBXFileReference; lastKnownFileType = sourcecode.swift; path = TrackersHeader.swift; sourceTree = "<group>"; };
		F44D61232B14B8E200F56208 /* Tracker.app */ = {isa = PBXFileReference; explicitFileType = wrapper.application; includeInIndex = 0; path = Tracker.app; sourceTree = BUILT_PRODUCTS_DIR; };
		F44D61262B14B8E200F56208 /* AppDelegate.swift */ = {isa = PBXFileReference; lastKnownFileType = sourcecode.swift; path = AppDelegate.swift; sourceTree = "<group>"; };
		F44D61282B14B8E200F56208 /* SceneDelegate.swift */ = {isa = PBXFileReference; lastKnownFileType = sourcecode.swift; path = SceneDelegate.swift; sourceTree = "<group>"; };
		F44D612A2B14B8E200F56208 /* TabBarViewController.swift */ = {isa = PBXFileReference; lastKnownFileType = sourcecode.swift; path = TabBarViewController.swift; sourceTree = "<group>"; };
		F44D612F2B14B8E400F56208 /* Assets.xcassets */ = {isa = PBXFileReference; lastKnownFileType = folder.assetcatalog; path = Assets.xcassets; sourceTree = "<group>"; };
		F44D61322B14B8E400F56208 /* Base */ = {isa = PBXFileReference; lastKnownFileType = file.storyboard; name = Base; path = Base.lproj/LaunchScreen.storyboard; sourceTree = "<group>"; };
		F44D61342B14B8E400F56208 /* Info.plist */ = {isa = PBXFileReference; lastKnownFileType = text.plist.xml; path = Info.plist; sourceTree = "<group>"; };
		F457E9F32B21A9F4003384BE /* ColorHeader.swift */ = {isa = PBXFileReference; lastKnownFileType = sourcecode.swift; path = ColorHeader.swift; sourceTree = "<group>"; };
		F457E9FC2B21DE80003384BE /* NewIrregularAction.swift */ = {isa = PBXFileReference; lastKnownFileType = sourcecode.swift; path = NewIrregularAction.swift; sourceTree = "<group>"; };
		F457E9FE2B21E53F003384BE /* TableViewCell.swift */ = {isa = PBXFileReference; lastKnownFileType = sourcecode.swift; path = TableViewCell.swift; sourceTree = "<group>"; };
		F457EA002B2216A1003384BE /* ScheduleViewController.swift */ = {isa = PBXFileReference; lastKnownFileType = sourcecode.swift; path = ScheduleViewController.swift; sourceTree = "<group>"; };
		F457EA022B221B9B003384BE /* ScheduleTableViewCell.swift */ = {isa = PBXFileReference; lastKnownFileType = sourcecode.swift; path = ScheduleTableViewCell.swift; sourceTree = "<group>"; };
		F4B727282B1DD5C8005A8EC4 /* Tracker.swift */ = {isa = PBXFileReference; lastKnownFileType = sourcecode.swift; path = Tracker.swift; sourceTree = "<group>"; };
		F4B7272B2B1DD5DF005A8EC4 /* TrackerCategory.swift */ = {isa = PBXFileReference; lastKnownFileType = sourcecode.swift; path = TrackerCategory.swift; sourceTree = "<group>"; };
		F4B7272D2B1DD5EB005A8EC4 /* TrackerRecord.swift */ = {isa = PBXFileReference; lastKnownFileType = sourcecode.swift; path = TrackerRecord.swift; sourceTree = "<group>"; };
		F4C16F8B2B226E370023DAD7 /* EmojiHeader.swift */ = {isa = PBXFileReference; lastKnownFileType = sourcecode.swift; path = EmojiHeader.swift; sourceTree = "<group>"; };
		F4DE1FAA2B1E2A9500AB0616 /* TrackersCell.swift */ = {isa = PBXFileReference; lastKnownFileType = sourcecode.swift; path = TrackersCell.swift; sourceTree = "<group>"; };
		F4FE66772B15C20A009212E2 /* UIColor + Extension.swift */ = {isa = PBXFileReference; lastKnownFileType = sourcecode.swift; path = "UIColor + Extension.swift"; sourceTree = "<group>"; };
		F4FE667A2B15C59A009212E2 /* StatisticsViewController.swift */ = {isa = PBXFileReference; lastKnownFileType = sourcecode.swift; path = StatisticsViewController.swift; sourceTree = "<group>"; };
		F4FE667C2B15C5A6009212E2 /* TrackersViewController.swift */ = {isa = PBXFileReference; lastKnownFileType = sourcecode.swift; path = TrackersViewController.swift; sourceTree = "<group>"; };
/* End PBXFileReference section */

/* Begin PBXFrameworksBuildPhase section */
		F44D61202B14B8E200F56208 /* Frameworks */ = {
			isa = PBXFrameworksBuildPhase;
			buildActionMask = 2147483647;
			files = (
			);
			runOnlyForDeploymentPostprocessing = 0;
		};
/* End PBXFrameworksBuildPhase section */

/* Begin PBXGroup section */
		F40DD3EC2B2046AB00E2948C /* CreateTracker */ = {
			isa = PBXGroup;
			children = (
				F457E9F32B21A9F4003384BE /* ColorHeader.swift */,
				F40DD3EF2B20557C00E2948C /* ColorCell.swift */,
				F4C16F8B2B226E370023DAD7 /* EmojiHeader.swift */,
				F40DD3F12B2064C700E2948C /* EmojiCell.swift */,
			);
			path = CreateTracker;
			sourceTree = "<group>";
		};
		F44D611A2B14B8E200F56208 = {
			isa = PBXGroup;
			children = (
				F44D61252B14B8E200F56208 /* Tracker */,
				F4527A372B2990D800BD3740 /* Models */,
				F4FE66792B15C56B009212E2 /* TabBarControllers */,
				F4FE66762B15C1F8009212E2 /* Helpers */,
				F44D61242B14B8E200F56208 /* Products */,
			);
			sourceTree = "<group>";
		};
		F44D61242B14B8E200F56208 /* Products */ = {
			isa = PBXGroup;
			children = (
				F44D61232B14B8E200F56208 /* Tracker.app */,
			);
			name = Products;
			sourceTree = "<group>";
		};
		F44D61252B14B8E200F56208 /* Tracker */ = {
			isa = PBXGroup;
			children = (
				F44D61262B14B8E200F56208 /* AppDelegate.swift */,
				F44D61282B14B8E200F56208 /* SceneDelegate.swift */,
				F44D612F2B14B8E400F56208 /* Assets.xcassets */,
				F44D61312B14B8E400F56208 /* LaunchScreen.storyboard */,
				F44D61342B14B8E400F56208 /* Info.plist */,
			);
			path = Tracker;
			sourceTree = "<group>";
		};
		F4527A372B2990D800BD3740 /* Models */ = {
			isa = PBXGroup;
			children = (
			);
			path = Models;
			sourceTree = "<group>";
		};
		F4B7272A2B1DD5D0005A8EC4 /* Models */ = {
			isa = PBXGroup;
			children = (
				F4B727282B1DD5C8005A8EC4 /* Tracker.swift */,
				F4B7272B2B1DD5DF005A8EC4 /* TrackerCategory.swift */,
				F4B7272D2B1DD5EB005A8EC4 /* TrackerRecord.swift */,
				F4DE1FAA2B1E2A9500AB0616 /* TrackersCell.swift */,
				F44505872B246D5800B10D86 /* TrackersHeader.swift */,
				F457E9FE2B21E53F003384BE /* TableViewCell.swift */,
				F457EA022B221B9B003384BE /* ScheduleTableViewCell.swift */,
			);
			path = Models;
			sourceTree = "<group>";
		};
		F4FE66762B15C1F8009212E2 /* Helpers */ = {
			isa = PBXGroup;
			children = (
				F4FE66772B15C20A009212E2 /* UIColor + Extension.swift */,
			);
			path = Helpers;
			sourceTree = "<group>";
		};
		F4FE66792B15C56B009212E2 /* TabBarControllers */ = {
			isa = PBXGroup;
			children = (
				F44D612A2B14B8E200F56208 /* TabBarViewController.swift */,
				F4FE667C2B15C5A6009212E2 /* TrackersViewController.swift */,
				F436917A2B1EFCE6001F363D /* TrackerTypeViewController.swift */,
				F40DD3ED2B2046D600E2948C /* NewHabitViewController.swift */,
				F457E9FC2B21DE80003384BE /* NewIrregularAction.swift */,
				F4FE667A2B15C59A009212E2 /* StatisticsViewController.swift */,
				F457EA002B2216A1003384BE /* ScheduleViewController.swift */,
				F40DD3EC2B2046AB00E2948C /* CreateTracker */,
				F4B7272A2B1DD5D0005A8EC4 /* Models */,
			);
			path = TabBarControllers;
			sourceTree = "<group>";
		};
/* End PBXGroup section */

/* Begin PBXNativeTarget section */
		F44D61222B14B8E200F56208 /* Tracker */ = {
			isa = PBXNativeTarget;
			buildConfigurationList = F44D61372B14B8E400F56208 /* Build configuration list for PBXNativeTarget "Tracker" */;
			buildPhases = (
				F44D611F2B14B8E200F56208 /* Sources */,
				F44D61202B14B8E200F56208 /* Frameworks */,
				F44D61212B14B8E200F56208 /* Resources */,
			);
			buildRules = (
			);
			dependencies = (
			);
			name = Tracker;
			productName = Tracker;
			productReference = F44D61232B14B8E200F56208 /* Tracker.app */;
			productType = "com.apple.product-type.application";
		};
/* End PBXNativeTarget section */

/* Begin PBXProject section */
		F44D611B2B14B8E200F56208 /* Project object */ = {
			isa = PBXProject;
			attributes = {
				BuildIndependentTargetsInParallel = 1;
				LastSwiftUpdateCheck = 1430;
				LastUpgradeCheck = 1430;
				TargetAttributes = {
					F44D61222B14B8E200F56208 = {
						CreatedOnToolsVersion = 14.3.1;
					};
				};
			};
			buildConfigurationList = F44D611E2B14B8E200F56208 /* Build configuration list for PBXProject "Tracker" */;
			compatibilityVersion = "Xcode 14.0";
			developmentRegion = en;
			hasScannedForEncodings = 0;
			knownRegions = (
				en,
				Base,
			);
			mainGroup = F44D611A2B14B8E200F56208;
			productRefGroup = F44D61242B14B8E200F56208 /* Products */;
			projectDirPath = "";
			projectRoot = "";
			targets = (
				F44D61222B14B8E200F56208 /* Tracker */,
			);
		};
/* End PBXProject section */

/* Begin PBXResourcesBuildPhase section */
		F44D61212B14B8E200F56208 /* Resources */ = {
			isa = PBXResourcesBuildPhase;
			buildActionMask = 2147483647;
			files = (
				F44D61332B14B8E400F56208 /* LaunchScreen.storyboard in Resources */,
				F44D61302B14B8E400F56208 /* Assets.xcassets in Resources */,
			);
			runOnlyForDeploymentPostprocessing = 0;
		};
/* End PBXResourcesBuildPhase section */

/* Begin PBXSourcesBuildPhase section */
		F44D611F2B14B8E200F56208 /* Sources */ = {
			isa = PBXSourcesBuildPhase;
			buildActionMask = 2147483647;
			files = (
				F457E9FF2B21E53F003384BE /* TableViewCell.swift in Sources */,
				F4C16F8C2B226E370023DAD7 /* EmojiHeader.swift in Sources */,
				F4DE1FAB2B1E2A9500AB0616 /* TrackersCell.swift in Sources */,
				F457EA032B221B9B003384BE /* ScheduleTableViewCell.swift in Sources */,
				F457E9F42B21A9F4003384BE /* ColorHeader.swift in Sources */,
				F436917B2B1EFCE6001F363D /* TrackerTypeViewController.swift in Sources */,
				F44D612B2B14B8E200F56208 /* TabBarViewController.swift in Sources */,
				F44505882B246D5800B10D86 /* TrackersHeader.swift in Sources */,
				F40DD3EE2B2046D600E2948C /* NewHabitViewController.swift in Sources */,
				F4FE667B2B15C59A009212E2 /* StatisticsViewController.swift in Sources */,
				F4B7272C2B1DD5DF005A8EC4 /* TrackerCategory.swift in Sources */,
				F4FE66782B15C20A009212E2 /* UIColor + Extension.swift in Sources */,
				F4B727292B1DD5C8005A8EC4 /* Tracker.swift in Sources */,
				F457E9FD2B21DE80003384BE /* NewIrregularAction.swift in Sources */,
				F40DD3F22B2064C700E2948C /* EmojiCell.swift in Sources */,
				F457EA012B2216A1003384BE /* ScheduleViewController.swift in Sources */,
				F4B7272E2B1DD5EB005A8EC4 /* TrackerRecord.swift in Sources */,
				F44D61272B14B8E200F56208 /* AppDelegate.swift in Sources */,
				F44D61292B14B8E200F56208 /* SceneDelegate.swift in Sources */,
				F40DD3F02B20557C00E2948C /* ColorCell.swift in Sources */,
				F4FE667D2B15C5A6009212E2 /* TrackersViewController.swift in Sources */,
			);
			runOnlyForDeploymentPostprocessing = 0;
		};
/* End PBXSourcesBuildPhase section */

/* Begin PBXVariantGroup section */
		F44D61312B14B8E400F56208 /* LaunchScreen.storyboard */ = {
			isa = PBXVariantGroup;
			children = (
				F44D61322B14B8E400F56208 /* Base */,
			);
			name = LaunchScreen.storyboard;
			sourceTree = "<group>";
		};
/* End PBXVariantGroup section */

/* Begin XCBuildConfiguration section */
		F44D61352B14B8E400F56208 /* Debug */ = {
			isa = XCBuildConfiguration;
			buildSettings = {
				ALWAYS_SEARCH_USER_PATHS = NO;
				CLANG_ANALYZER_NONNULL = YES;
				CLANG_ANALYZER_NUMBER_OBJECT_CONVERSION = YES_AGGRESSIVE;
				CLANG_CXX_LANGUAGE_STANDARD = "gnu++20";
				CLANG_ENABLE_MODULES = YES;
				CLANG_ENABLE_OBJC_ARC = YES;
				CLANG_ENABLE_OBJC_WEAK = YES;
				CLANG_WARN_BLOCK_CAPTURE_AUTORELEASING = YES;
				CLANG_WARN_BOOL_CONVERSION = YES;
				CLANG_WARN_COMMA = YES;
				CLANG_WARN_CONSTANT_CONVERSION = YES;
				CLANG_WARN_DEPRECATED_OBJC_IMPLEMENTATIONS = YES;
				CLANG_WARN_DIRECT_OBJC_ISA_USAGE = YES_ERROR;
				CLANG_WARN_DOCUMENTATION_COMMENTS = YES;
				CLANG_WARN_EMPTY_BODY = YES;
				CLANG_WARN_ENUM_CONVERSION = YES;
				CLANG_WARN_INFINITE_RECURSION = YES;
				CLANG_WARN_INT_CONVERSION = YES;
				CLANG_WARN_NON_LITERAL_NULL_CONVERSION = YES;
				CLANG_WARN_OBJC_IMPLICIT_RETAIN_SELF = YES;
				CLANG_WARN_OBJC_LITERAL_CONVERSION = YES;
				CLANG_WARN_OBJC_ROOT_CLASS = YES_ERROR;
				CLANG_WARN_QUOTED_INCLUDE_IN_FRAMEWORK_HEADER = YES;
				CLANG_WARN_RANGE_LOOP_ANALYSIS = YES;
				CLANG_WARN_STRICT_PROTOTYPES = YES;
				CLANG_WARN_SUSPICIOUS_MOVE = YES;
				CLANG_WARN_UNGUARDED_AVAILABILITY = YES_AGGRESSIVE;
				CLANG_WARN_UNREACHABLE_CODE = YES;
				CLANG_WARN__DUPLICATE_METHOD_MATCH = YES;
				COPY_PHASE_STRIP = NO;
				DEBUG_INFORMATION_FORMAT = dwarf;
				ENABLE_STRICT_OBJC_MSGSEND = YES;
				ENABLE_TESTABILITY = YES;
				GCC_C_LANGUAGE_STANDARD = gnu11;
				GCC_DYNAMIC_NO_PIC = NO;
				GCC_NO_COMMON_BLOCKS = YES;
				GCC_OPTIMIZATION_LEVEL = 0;
				GCC_PREPROCESSOR_DEFINITIONS = (
					"DEBUG=1",
					"$(inherited)",
				);
				GCC_WARN_64_TO_32_BIT_CONVERSION = YES;
				GCC_WARN_ABOUT_RETURN_TYPE = YES_ERROR;
				GCC_WARN_UNDECLARED_SELECTOR = YES;
				GCC_WARN_UNINITIALIZED_AUTOS = YES_AGGRESSIVE;
				GCC_WARN_UNUSED_FUNCTION = YES;
				GCC_WARN_UNUSED_VARIABLE = YES;
				IPHONEOS_DEPLOYMENT_TARGET = 13.4;
				MTL_ENABLE_DEBUG_INFO = INCLUDE_SOURCE;
				MTL_FAST_MATH = YES;
				ONLY_ACTIVE_ARCH = YES;
				SDKROOT = iphoneos;
				SWIFT_ACTIVE_COMPILATION_CONDITIONS = DEBUG;
				SWIFT_OPTIMIZATION_LEVEL = "-Onone";
			};
			name = Debug;
		};
		F44D61362B14B8E400F56208 /* Release */ = {
			isa = XCBuildConfiguration;
			buildSettings = {
				ALWAYS_SEARCH_USER_PATHS = NO;
				CLANG_ANALYZER_NONNULL = YES;
				CLANG_ANALYZER_NUMBER_OBJECT_CONVERSION = YES_AGGRESSIVE;
				CLANG_CXX_LANGUAGE_STANDARD = "gnu++20";
				CLANG_ENABLE_MODULES = YES;
				CLANG_ENABLE_OBJC_ARC = YES;
				CLANG_ENABLE_OBJC_WEAK = YES;
				CLANG_WARN_BLOCK_CAPTURE_AUTORELEASING = YES;
				CLANG_WARN_BOOL_CONVERSION = YES;
				CLANG_WARN_COMMA = YES;
				CLANG_WARN_CONSTANT_CONVERSION = YES;
				CLANG_WARN_DEPRECATED_OBJC_IMPLEMENTATIONS = YES;
				CLANG_WARN_DIRECT_OBJC_ISA_USAGE = YES_ERROR;
				CLANG_WARN_DOCUMENTATION_COMMENTS = YES;
				CLANG_WARN_EMPTY_BODY = YES;
				CLANG_WARN_ENUM_CONVERSION = YES;
				CLANG_WARN_INFINITE_RECURSION = YES;
				CLANG_WARN_INT_CONVERSION = YES;
				CLANG_WARN_NON_LITERAL_NULL_CONVERSION = YES;
				CLANG_WARN_OBJC_IMPLICIT_RETAIN_SELF = YES;
				CLANG_WARN_OBJC_LITERAL_CONVERSION = YES;
				CLANG_WARN_OBJC_ROOT_CLASS = YES_ERROR;
				CLANG_WARN_QUOTED_INCLUDE_IN_FRAMEWORK_HEADER = YES;
				CLANG_WARN_RANGE_LOOP_ANALYSIS = YES;
				CLANG_WARN_STRICT_PROTOTYPES = YES;
				CLANG_WARN_SUSPICIOUS_MOVE = YES;
				CLANG_WARN_UNGUARDED_AVAILABILITY = YES_AGGRESSIVE;
				CLANG_WARN_UNREACHABLE_CODE = YES;
				CLANG_WARN__DUPLICATE_METHOD_MATCH = YES;
				COPY_PHASE_STRIP = NO;
				DEBUG_INFORMATION_FORMAT = "dwarf-with-dsym";
				ENABLE_NS_ASSERTIONS = NO;
				ENABLE_STRICT_OBJC_MSGSEND = YES;
				GCC_C_LANGUAGE_STANDARD = gnu11;
				GCC_NO_COMMON_BLOCKS = YES;
				GCC_WARN_64_TO_32_BIT_CONVERSION = YES;
				GCC_WARN_ABOUT_RETURN_TYPE = YES_ERROR;
				GCC_WARN_UNDECLARED_SELECTOR = YES;
				GCC_WARN_UNINITIALIZED_AUTOS = YES_AGGRESSIVE;
				GCC_WARN_UNUSED_FUNCTION = YES;
				GCC_WARN_UNUSED_VARIABLE = YES;
				IPHONEOS_DEPLOYMENT_TARGET = 13.4;
				MTL_ENABLE_DEBUG_INFO = NO;
				MTL_FAST_MATH = YES;
				SDKROOT = iphoneos;
				SWIFT_COMPILATION_MODE = wholemodule;
				SWIFT_OPTIMIZATION_LEVEL = "-O";
				VALIDATE_PRODUCT = YES;
			};
			name = Release;
		};
		F44D61382B14B8E400F56208 /* Debug */ = {
			isa = XCBuildConfiguration;
			buildSettings = {
				ASSETCATALOG_COMPILER_APPICON_NAME = AppIcon;
				ASSETCATALOG_COMPILER_GLOBAL_ACCENT_COLOR_NAME = AccentColor;
				CODE_SIGN_STYLE = Automatic;
				CURRENT_PROJECT_VERSION = 1;
				DEVELOPMENT_TEAM = 66QMN95M53;
				GENERATE_INFOPLIST_FILE = YES;
				INFOPLIST_FILE = Tracker/Info.plist;
				INFOPLIST_KEY_UIApplicationSupportsIndirectInputEvents = YES;
				INFOPLIST_KEY_UILaunchStoryboardName = LaunchScreen;
				INFOPLIST_KEY_UISupportedInterfaceOrientations = UIInterfaceOrientationPortrait;
				IPHONEOS_DEPLOYMENT_TARGET = 13.4;
				LD_RUNPATH_SEARCH_PATHS = (
					"$(inherited)",
					"@executable_path/Frameworks",
				);
				MARKETING_VERSION = 1.0;
				PRODUCT_BUNDLE_IDENTIFIER = dlyaSebya.Tracker;
				PRODUCT_NAME = "$(TARGET_NAME)";
				SWIFT_EMIT_LOC_STRINGS = YES;
				SWIFT_VERSION = 5.0;
				TARGETED_DEVICE_FAMILY = "1,2";
			};
			name = Debug;
		};
		F44D61392B14B8E400F56208 /* Release */ = {
			isa = XCBuildConfiguration;
			buildSettings = {
				ASSETCATALOG_COMPILER_APPICON_NAME = AppIcon;
				ASSETCATALOG_COMPILER_GLOBAL_ACCENT_COLOR_NAME = AccentColor;
				CODE_SIGN_STYLE = Automatic;
				CURRENT_PROJECT_VERSION = 1;
				DEVELOPMENT_TEAM = 66QMN95M53;
				GENERATE_INFOPLIST_FILE = YES;
				INFOPLIST_FILE = Tracker/Info.plist;
				INFOPLIST_KEY_UIApplicationSupportsIndirectInputEvents = YES;
				INFOPLIST_KEY_UILaunchStoryboardName = LaunchScreen;
				INFOPLIST_KEY_UISupportedInterfaceOrientations = UIInterfaceOrientationPortrait;
				IPHONEOS_DEPLOYMENT_TARGET = 13.4;
				LD_RUNPATH_SEARCH_PATHS = (
					"$(inherited)",
					"@executable_path/Frameworks",
				);
				MARKETING_VERSION = 1.0;
				PRODUCT_BUNDLE_IDENTIFIER = dlyaSebya.Tracker;
				PRODUCT_NAME = "$(TARGET_NAME)";
				SWIFT_EMIT_LOC_STRINGS = YES;
				SWIFT_VERSION = 5.0;
				TARGETED_DEVICE_FAMILY = "1,2";
			};
			name = Release;
		};
/* End XCBuildConfiguration section */

/* Begin XCConfigurationList section */
		F44D611E2B14B8E200F56208 /* Build configuration list for PBXProject "Tracker" */ = {
			isa = XCConfigurationList;
			buildConfigurations = (
				F44D61352B14B8E400F56208 /* Debug */,
				F44D61362B14B8E400F56208 /* Release */,
			);
			defaultConfigurationIsVisible = 0;
			defaultConfigurationName = Release;
		};
		F44D61372B14B8E400F56208 /* Build configuration list for PBXNativeTarget "Tracker" */ = {
			isa = XCConfigurationList;
			buildConfigurations = (
				F44D61382B14B8E400F56208 /* Debug */,
				F44D61392B14B8E400F56208 /* Release */,
			);
			defaultConfigurationIsVisible = 0;
			defaultConfigurationName = Release;
		};
/* End XCConfigurationList section */
	};
	rootObject = F44D611B2B14B8E200F56208 /* Project object */;
}
